// !$*UTF8*$!
{
	archiveVersion = 1;
	classes = {
	};
	objectVersion = 50;
	objects = {

/* Begin PBXBuildFile section */
		BB097865261B30A30094A05A /* SideMenuApp.swift in Sources */ = {isa = PBXBuildFile; fileRef = BB097864261B30A30094A05A /* SideMenuApp.swift */; };
		BB097867261B30A30094A05A /* ContentView.swift in Sources */ = {isa = PBXBuildFile; fileRef = BB097866261B30A30094A05A /* ContentView.swift */; };
		BB097869261B30A40094A05A /* Assets.xcassets in Resources */ = {isa = PBXBuildFile; fileRef = BB097868261B30A40094A05A /* Assets.xcassets */; };
		BB09786C261B30A40094A05A /* Preview Assets.xcassets in Resources */ = {isa = PBXBuildFile; fileRef = BB09786B261B30A40094A05A /* Preview Assets.xcassets */; };
		BB097877261B30A40094A05A /* SideMenuTests.swift in Sources */ = {isa = PBXBuildFile; fileRef = BB097876261B30A40094A05A /* SideMenuTests.swift */; };
		BB097882261B30A40094A05A /* SideMenuUITests.swift in Sources */ = {isa = PBXBuildFile; fileRef = BB097881261B30A40094A05A /* SideMenuUITests.swift */; };
		BB097893261B34560094A05A /* SideMenuView.swift in Sources */ = {isa = PBXBuildFile; fileRef = BB097892261B34560094A05A /* SideMenuView.swift */; };
		BB097898261B347F0094A05A /* SideMenuHeaderView.swift in Sources */ = {isa = PBXBuildFile; fileRef = BB097897261B347F0094A05A /* SideMenuHeaderView.swift */; };
		BB09789D261B34950094A05A /* SideMenuOptionView.swift in Sources */ = {isa = PBXBuildFile; fileRef = BB09789C261B34950094A05A /* SideMenuOptionView.swift */; };
		BB0978A2261B34AA0094A05A /* SideMenuViewModel.swift in Sources */ = {isa = PBXBuildFile; fileRef = BB0978A1261B34AA0094A05A /* SideMenuViewModel.swift */; };
		BB0978A7261B8EF70094A05A /* CoffeContainerView.swift in Sources */ = {isa = PBXBuildFile; fileRef = BB0978A6261B8EF70094A05A /* CoffeContainerView.swift */; };
		BB0978BC261BA6630094A05A /* CartView.swift in Sources */ = {isa = PBXBuildFile; fileRef = BB0978BB261BA6630094A05A /* CartView.swift */; };
/* End PBXBuildFile section */

/* Begin PBXContainerItemProxy section */
		BB097873261B30A40094A05A /* PBXContainerItemProxy */ = {
			isa = PBXContainerItemProxy;
			containerPortal = BB097859261B30A30094A05A /* Project object */;
			proxyType = 1;
			remoteGlobalIDString = BB097860261B30A30094A05A;
			remoteInfo = SideMenu;
		};
		BB09787E261B30A40094A05A /* PBXContainerItemProxy */ = {
			isa = PBXContainerItemProxy;
			containerPortal = BB097859261B30A30094A05A /* Project object */;
			proxyType = 1;
			remoteGlobalIDString = BB097860261B30A30094A05A;
			remoteInfo = SideMenu;
		};
/* End PBXContainerItemProxy section */

/* Begin PBXFileReference section */
		BB097861261B30A30094A05A /* SideMenu.app */ = {isa = PBXFileReference; explicitFileType = wrapper.application; includeInIndex = 0; path = SideMenu.app; sourceTree = BUILT_PRODUCTS_DIR; };
		BB097864261B30A30094A05A /* SideMenuApp.swift */ = {isa = PBXFileReference; lastKnownFileType = sourcecode.swift; path = SideMenuApp.swift; sourceTree = "<group>"; };
		BB097866261B30A30094A05A /* ContentView.swift */ = {isa = PBXFileReference; lastKnownFileType = sourcecode.swift; path = ContentView.swift; sourceTree = "<group>"; };
		BB097868261B30A40094A05A /* Assets.xcassets */ = {isa = PBXFileReference; lastKnownFileType = folder.assetcatalog; path = Assets.xcassets; sourceTree = "<group>"; };
		BB09786B261B30A40094A05A /* Preview Assets.xcassets */ = {isa = PBXFileReference; lastKnownFileType = folder.assetcatalog; path = "Preview Assets.xcassets"; sourceTree = "<group>"; };
		BB09786D261B30A40094A05A /* Info.plist */ = {isa = PBXFileReference; lastKnownFileType = text.plist.xml; path = Info.plist; sourceTree = "<group>"; };
		BB097872261B30A40094A05A /* SideMenuTests.xctest */ = {isa = PBXFileReference; explicitFileType = wrapper.cfbundle; includeInIndex = 0; path = SideMenuTests.xctest; sourceTree = BUILT_PRODUCTS_DIR; };
		BB097876261B30A40094A05A /* SideMenuTests.swift */ = {isa = PBXFileReference; lastKnownFileType = sourcecode.swift; path = SideMenuTests.swift; sourceTree = "<group>"; };
		BB097878261B30A40094A05A /* Info.plist */ = {isa = PBXFileReference; lastKnownFileType = text.plist.xml; path = Info.plist; sourceTree = "<group>"; };
		BB09787D261B30A40094A05A /* SideMenuUITests.xctest */ = {isa = PBXFileReference; explicitFileType = wrapper.cfbundle; includeInIndex = 0; path = SideMenuUITests.xctest; sourceTree = BUILT_PRODUCTS_DIR; };
		BB097881261B30A40094A05A /* SideMenuUITests.swift */ = {isa = PBXFileReference; lastKnownFileType = sourcecode.swift; path = SideMenuUITests.swift; sourceTree = "<group>"; };
		BB097883261B30A40094A05A /* Info.plist */ = {isa = PBXFileReference; lastKnownFileType = text.plist.xml; path = Info.plist; sourceTree = "<group>"; };
		BB097892261B34560094A05A /* SideMenuView.swift */ = {isa = PBXFileReference; lastKnownFileType = sourcecode.swift; path = SideMenuView.swift; sourceTree = "<group>"; };
		BB097897261B347F0094A05A /* SideMenuHeaderView.swift */ = {isa = PBXFileReference; lastKnownFileType = sourcecode.swift; path = SideMenuHeaderView.swift; sourceTree = "<group>"; };
		BB09789C261B34950094A05A /* SideMenuOptionView.swift */ = {isa = PBXFileReference; lastKnownFileType = sourcecode.swift; path = SideMenuOptionView.swift; sourceTree = "<group>"; };
		BB0978A1261B34AA0094A05A /* SideMenuViewModel.swift */ = {isa = PBXFileReference; lastKnownFileType = sourcecode.swift; path = SideMenuViewModel.swift; sourceTree = "<group>"; };
		BB0978A6261B8EF70094A05A /* CoffeContainerView.swift */ = {isa = PBXFileReference; lastKnownFileType = sourcecode.swift; path = CoffeContainerView.swift; sourceTree = "<group>"; };
		BB0978BB261BA6630094A05A /* CartView.swift */ = {isa = PBXFileReference; lastKnownFileType = sourcecode.swift; path = CartView.swift; sourceTree = "<group>"; };
/* End PBXFileReference section */

/* Begin PBXFrameworksBuildPhase section */
		BB09785E261B30A30094A05A /* Frameworks */ = {
			isa = PBXFrameworksBuildPhase;
			buildActionMask = 2147483647;
			files = (
			);
			runOnlyForDeploymentPostprocessing = 0;
		};
		BB09786F261B30A40094A05A /* Frameworks */ = {
			isa = PBXFrameworksBuildPhase;
			buildActionMask = 2147483647;
			files = (
			);
			runOnlyForDeploymentPostprocessing = 0;
		};
		BB09787A261B30A40094A05A /* Frameworks */ = {
			isa = PBXFrameworksBuildPhase;
			buildActionMask = 2147483647;
			files = (
			);
			runOnlyForDeploymentPostprocessing = 0;
		};
/* End PBXFrameworksBuildPhase section */

/* Begin PBXGroup section */
		BB097858261B30A30094A05A = {
			isa = PBXGroup;
			children = (
				BB097863261B30A30094A05A /* SideMenu */,
				BB097875261B30A40094A05A /* SideMenuTests */,
				BB097880261B30A40094A05A /* SideMenuUITests */,
				BB097862261B30A30094A05A /* Products */,
			);
			sourceTree = "<group>";
		};
		BB097862261B30A30094A05A /* Products */ = {
			isa = PBXGroup;
			children = (
				BB097861261B30A30094A05A /* SideMenu.app */,
				BB097872261B30A40094A05A /* SideMenuTests.xctest */,
				BB09787D261B30A40094A05A /* SideMenuUITests.xctest */,
			);
			name = Products;
			sourceTree = "<group>";
		};
		BB097863261B30A30094A05A /* SideMenu */ = {
			isa = PBXGroup;
			children = (
				BB097864261B30A30094A05A /* SideMenuApp.swift */,
				BB097866261B30A30094A05A /* ContentView.swift */,
				BB097868261B30A40094A05A /* Assets.xcassets */,
				BB09786D261B30A40094A05A /* Info.plist */,
				BB09786A261B30A40094A05A /* Preview Content */,
				BB097892261B34560094A05A /* SideMenuView.swift */,
				BB097897261B347F0094A05A /* SideMenuHeaderView.swift */,
				BB09789C261B34950094A05A /* SideMenuOptionView.swift */,
				BB0978A1261B34AA0094A05A /* SideMenuViewModel.swift */,
				BB0978A6261B8EF70094A05A /* CoffeContainerView.swift */,
				BB0978BB261BA6630094A05A /* CartView.swift */,
			);
			path = SideMenu;
			sourceTree = "<group>";
		};
		BB09786A261B30A40094A05A /* Preview Content */ = {
			isa = PBXGroup;
			children = (
				BB09786B261B30A40094A05A /* Preview Assets.xcassets */,
			);
			path = "Preview Content";
			sourceTree = "<group>";
		};
		BB097875261B30A40094A05A /* SideMenuTests */ = {
			isa = PBXGroup;
			children = (
				BB097876261B30A40094A05A /* SideMenuTests.swift */,
				BB097878261B30A40094A05A /* Info.plist */,
			);
			path = SideMenuTests;
			sourceTree = "<group>";
		};
		BB097880261B30A40094A05A /* SideMenuUITests */ = {
			isa = PBXGroup;
			children = (
				BB097881261B30A40094A05A /* SideMenuUITests.swift */,
				BB097883261B30A40094A05A /* Info.plist */,
			);
			path = SideMenuUITests;
			sourceTree = "<group>";
		};
/* End PBXGroup section */

/* Begin PBXNativeTarget section */
		BB097860261B30A30094A05A /* SideMenu */ = {
			isa = PBXNativeTarget;
			buildConfigurationList = BB097886261B30A40094A05A /* Build configuration list for PBXNativeTarget "SideMenu" */;
			buildPhases = (
				BB09785D261B30A30094A05A /* Sources */,
				BB09785E261B30A30094A05A /* Frameworks */,
				BB09785F261B30A30094A05A /* Resources */,
			);
			buildRules = (
			);
			dependencies = (
			);
			name = SideMenu;
			productName = SideMenu;
			productReference = BB097861261B30A30094A05A /* SideMenu.app */;
			productType = "com.apple.product-type.application";
		};
		BB097871261B30A40094A05A /* SideMenuTests */ = {
			isa = PBXNativeTarget;
			buildConfigurationList = BB097889261B30A40094A05A /* Build configuration list for PBXNativeTarget "SideMenuTests" */;
			buildPhases = (
				BB09786E261B30A40094A05A /* Sources */,
				BB09786F261B30A40094A05A /* Frameworks */,
				BB097870261B30A40094A05A /* Resources */,
			);
			buildRules = (
			);
			dependencies = (
				BB097874261B30A40094A05A /* PBXTargetDependency */,
			);
			name = SideMenuTests;
			productName = SideMenuTests;
			productReference = BB097872261B30A40094A05A /* SideMenuTests.xctest */;
			productType = "com.apple.product-type.bundle.unit-test";
		};
		BB09787C261B30A40094A05A /* SideMenuUITests */ = {
			isa = PBXNativeTarget;
			buildConfigurationList = BB09788C261B30A40094A05A /* Build configuration list for PBXNativeTarget "SideMenuUITests" */;
			buildPhases = (
				BB097879261B30A40094A05A /* Sources */,
				BB09787A261B30A40094A05A /* Frameworks */,
				BB09787B261B30A40094A05A /* Resources */,
			);
			buildRules = (
			);
			dependencies = (
				BB09787F261B30A40094A05A /* PBXTargetDependency */,
			);
			name = SideMenuUITests;
			productName = SideMenuUITests;
			productReference = BB09787D261B30A40094A05A /* SideMenuUITests.xctest */;
			productType = "com.apple.product-type.bundle.ui-testing";
		};
/* End PBXNativeTarget section */

/* Begin PBXProject section */
		BB097859261B30A30094A05A /* Project object */ = {
			isa = PBXProject;
			attributes = {
				LastSwiftUpdateCheck = 1240;
				LastUpgradeCheck = 1240;
				TargetAttributes = {
					BB097860261B30A30094A05A = {
						CreatedOnToolsVersion = 12.4;
					};
					BB097871261B30A40094A05A = {
						CreatedOnToolsVersion = 12.4;
						TestTargetID = BB097860261B30A30094A05A;
					};
					BB09787C261B30A40094A05A = {
						CreatedOnToolsVersion = 12.4;
						TestTargetID = BB097860261B30A30094A05A;
					};
				};
			};
			buildConfigurationList = BB09785C261B30A30094A05A /* Build configuration list for PBXProject "SideMenu" */;
			compatibilityVersion = "Xcode 9.3";
			developmentRegion = en;
			hasScannedForEncodings = 0;
			knownRegions = (
				en,
				Base,
			);
			mainGroup = BB097858261B30A30094A05A;
			productRefGroup = BB097862261B30A30094A05A /* Products */;
			projectDirPath = "";
			projectRoot = "";
			targets = (
				BB097860261B30A30094A05A /* SideMenu */,
				BB097871261B30A40094A05A /* SideMenuTests */,
				BB09787C261B30A40094A05A /* SideMenuUITests */,
			);
		};
/* End PBXProject section */

/* Begin PBXResourcesBuildPhase section */
		BB09785F261B30A30094A05A /* Resources */ = {
			isa = PBXResourcesBuildPhase;
			buildActionMask = 2147483647;
			files = (
				BB09786C261B30A40094A05A /* Preview Assets.xcassets in Resources */,
				BB097869261B30A40094A05A /* Assets.xcassets in Resources */,
			);
			runOnlyForDeploymentPostprocessing = 0;
		};
		BB097870261B30A40094A05A /* Resources */ = {
			isa = PBXResourcesBuildPhase;
			buildActionMask = 2147483647;
			files = (
			);
			runOnlyForDeploymentPostprocessing = 0;
		};
		BB09787B261B30A40094A05A /* Resources */ = {
			isa = PBXResourcesBuildPhase;
			buildActionMask = 2147483647;
			files = (
			);
			runOnlyForDeploymentPostprocessing = 0;
		};
/* End PBXResourcesBuildPhase section */

/* Begin PBXSourcesBuildPhase section */
		BB09785D261B30A30094A05A /* Sources */ = {
			isa = PBXSourcesBuildPhase;
			buildActionMask = 2147483647;
			files = (
				BB097893261B34560094A05A /* SideMenuView.swift in Sources */,
				BB097898261B347F0094A05A /* SideMenuHeaderView.swift in Sources */,
				BB0978A7261B8EF70094A05A /* CoffeContainerView.swift in Sources */,
				BB097867261B30A30094A05A /* ContentView.swift in Sources */,
				BB09789D261B34950094A05A /* SideMenuOptionView.swift in Sources */,
				BB0978A2261B34AA0094A05A /* SideMenuViewModel.swift in Sources */,
				BB0978BC261BA6630094A05A /* CartView.swift in Sources */,
				BB097865261B30A30094A05A /* SideMenuApp.swift in Sources */,
			);
			runOnlyForDeploymentPostprocessing = 0;
		};
		BB09786E261B30A40094A05A /* Sources */ = {
			isa = PBXSourcesBuildPhase;
			buildActionMask = 2147483647;
			files = (
				BB097877261B30A40094A05A /* SideMenuTests.swift in Sources */,
			);
			runOnlyForDeploymentPostprocessing = 0;
		};
		BB097879261B30A40094A05A /* Sources */ = {
			isa = PBXSourcesBuildPhase;
			buildActionMask = 2147483647;
			files = (
				BB097882261B30A40094A05A /* SideMenuUITests.swift in Sources */,
			);
			runOnlyForDeploymentPostprocessing = 0;
		};
/* End PBXSourcesBuildPhase section */

/* Begin PBXTargetDependency section */
		BB097874261B30A40094A05A /* PBXTargetDependency */ = {
			isa = PBXTargetDependency;
			target = BB097860261B30A30094A05A /* SideMenu */;
			targetProxy = BB097873261B30A40094A05A /* PBXContainerItemProxy */;
		};
		BB09787F261B30A40094A05A /* PBXTargetDependency */ = {
			isa = PBXTargetDependency;
			target = BB097860261B30A30094A05A /* SideMenu */;
			targetProxy = BB09787E261B30A40094A05A /* PBXContainerItemProxy */;
		};
/* End PBXTargetDependency section */

/* Begin XCBuildConfiguration section */
		BB097884261B30A40094A05A /* Debug */ = {
			isa = XCBuildConfiguration;
			buildSettings = {
				ALWAYS_SEARCH_USER_PATHS = NO;
				CLANG_ANALYZER_NONNULL = YES;
				CLANG_ANALYZER_NUMBER_OBJECT_CONVERSION = YES_AGGRESSIVE;
				CLANG_CXX_LANGUAGE_STANDARD = "gnu++14";
				CLANG_CXX_LIBRARY = "libc++";
				CLANG_ENABLE_MODULES = YES;
				CLANG_ENABLE_OBJC_ARC = YES;
				CLANG_ENABLE_OBJC_WEAK = YES;
				CLANG_WARN_BLOCK_CAPTURE_AUTORELEASING = YES;
				CLANG_WARN_BOOL_CONVERSION = YES;
				CLANG_WARN_COMMA = YES;
				CLANG_WARN_CONSTANT_CONVERSION = YES;
				CLANG_WARN_DEPRECATED_OBJC_IMPLEMENTATIONS = YES;
				CLANG_WARN_DIRECT_OBJC_ISA_USAGE = YES_ERROR;
				CLANG_WARN_DOCUMENTATION_COMMENTS = YES;
				CLANG_WARN_EMPTY_BODY = YES;
				CLANG_WARN_ENUM_CONVERSION = YES;
				CLANG_WARN_INFINITE_RECURSION = YES;
				CLANG_WARN_INT_CONVERSION = YES;
				CLANG_WARN_NON_LITERAL_NULL_CONVERSION = YES;
				CLANG_WARN_OBJC_IMPLICIT_RETAIN_SELF = YES;
				CLANG_WARN_OBJC_LITERAL_CONVERSION = YES;
				CLANG_WARN_OBJC_ROOT_CLASS = YES_ERROR;
				CLANG_WARN_QUOTED_INCLUDE_IN_FRAMEWORK_HEADER = YES;
				CLANG_WARN_RANGE_LOOP_ANALYSIS = YES;
				CLANG_WARN_STRICT_PROTOTYPES = YES;
				CLANG_WARN_SUSPICIOUS_MOVE = YES;
				CLANG_WARN_UNGUARDED_AVAILABILITY = YES_AGGRESSIVE;
				CLANG_WARN_UNREACHABLE_CODE = YES;
				CLANG_WARN__DUPLICATE_METHOD_MATCH = YES;
				COPY_PHASE_STRIP = NO;
				DEBUG_INFORMATION_FORMAT = dwarf;
				ENABLE_STRICT_OBJC_MSGSEND = YES;
				ENABLE_TESTABILITY = YES;
				GCC_C_LANGUAGE_STANDARD = gnu11;
				GCC_DYNAMIC_NO_PIC = NO;
				GCC_NO_COMMON_BLOCKS = YES;
				GCC_OPTIMIZATION_LEVEL = 0;
				GCC_PREPROCESSOR_DEFINITIONS = (
					"DEBUG=1",
					"$(inherited)",
				);
				GCC_WARN_64_TO_32_BIT_CONVERSION = YES;
				GCC_WARN_ABOUT_RETURN_TYPE = YES_ERROR;
				GCC_WARN_UNDECLARED_SELECTOR = YES;
				GCC_WARN_UNINITIALIZED_AUTOS = YES_AGGRESSIVE;
				GCC_WARN_UNUSED_FUNCTION = YES;
				GCC_WARN_UNUSED_VARIABLE = YES;
				IPHONEOS_DEPLOYMENT_TARGET = 14.4;
				MTL_ENABLE_DEBUG_INFO = INCLUDE_SOURCE;
				MTL_FAST_MATH = YES;
				ONLY_ACTIVE_ARCH = YES;
				SDKROOT = iphoneos;
				SWIFT_ACTIVE_COMPILATION_CONDITIONS = DEBUG;
				SWIFT_OPTIMIZATION_LEVEL = "-Onone";
			};
			name = Debug;
		};
		BB097885261B30A40094A05A /* Release */ = {
			isa = XCBuildConfiguration;
			buildSettings = {
				ALWAYS_SEARCH_USER_PATHS = NO;
				CLANG_ANALYZER_NONNULL = YES;
				CLANG_ANALYZER_NUMBER_OBJECT_CONVERSION = YES_AGGRESSIVE;
				CLANG_CXX_LANGUAGE_STANDARD = "gnu++14";
				CLANG_CXX_LIBRARY = "libc++";
				CLANG_ENABLE_MODULES = YES;
				CLANG_ENABLE_OBJC_ARC = YES;
				CLANG_ENABLE_OBJC_WEAK = YES;
				CLANG_WARN_BLOCK_CAPTURE_AUTORELEASING = YES;
				CLANG_WARN_BOOL_CONVERSION = YES;
				CLANG_WARN_COMMA = YES;
				CLANG_WARN_CONSTANT_CONVERSION = YES;
				CLANG_WARN_DEPRECATED_OBJC_IMPLEMENTATIONS = YES;
				CLANG_WARN_DIRECT_OBJC_ISA_USAGE = YES_ERROR;
				CLANG_WARN_DOCUMENTATION_COMMENTS = YES;
				CLANG_WARN_EMPTY_BODY = YES;
				CLANG_WARN_ENUM_CONVERSION = YES;
				CLANG_WARN_INFINITE_RECURSION = YES;
				CLANG_WARN_INT_CONVERSION = YES;
				CLANG_WARN_NON_LITERAL_NULL_CONVERSION = YES;
				CLANG_WARN_OBJC_IMPLICIT_RETAIN_SELF = YES;
				CLANG_WARN_OBJC_LITERAL_CONVERSION = YES;
				CLANG_WARN_OBJC_ROOT_CLASS = YES_ERROR;
				CLANG_WARN_QUOTED_INCLUDE_IN_FRAMEWORK_HEADER = YES;
				CLANG_WARN_RANGE_LOOP_ANALYSIS = YES;
				CLANG_WARN_STRICT_PROTOTYPES = YES;
				CLANG_WARN_SUSPICIOUS_MOVE = YES;
				CLANG_WARN_UNGUARDED_AVAILABILITY = YES_AGGRESSIVE;
				CLANG_WARN_UNREACHABLE_CODE = YES;
				CLANG_WARN__DUPLICATE_METHOD_MATCH = YES;
				COPY_PHASE_STRIP = NO;
				DEBUG_INFORMATION_FORMAT = "dwarf-with-dsym";
				ENABLE_NS_ASSERTIONS = NO;
				ENABLE_STRICT_OBJC_MSGSEND = YES;
				GCC_C_LANGUAGE_STANDARD = gnu11;
				GCC_NO_COMMON_BLOCKS = YES;
				GCC_WARN_64_TO_32_BIT_CONVERSION = YES;
				GCC_WARN_ABOUT_RETURN_TYPE = YES_ERROR;
				GCC_WARN_UNDECLARED_SELECTOR = YES;
				GCC_WARN_UNINITIALIZED_AUTOS = YES_AGGRESSIVE;
				GCC_WARN_UNUSED_FUNCTION = YES;
				GCC_WARN_UNUSED_VARIABLE = YES;
				IPHONEOS_DEPLOYMENT_TARGET = 14.4;
				MTL_ENABLE_DEBUG_INFO = NO;
				MTL_FAST_MATH = YES;
				SDKROOT = iphoneos;
				SWIFT_COMPILATION_MODE = wholemodule;
				SWIFT_OPTIMIZATION_LEVEL = "-O";
				VALIDATE_PRODUCT = YES;
			};
			name = Release;
		};
		BB097887261B30A40094A05A /* Debug */ = {
			isa = XCBuildConfiguration;
			buildSettings = {
				ASSETCATALOG_COMPILER_APPICON_NAME = AppIcon;
				ASSETCATALOG_COMPILER_GLOBAL_ACCENT_COLOR_NAME = AccentColor;
				CODE_SIGN_STYLE = Automatic;
				DEVELOPMENT_ASSET_PATHS = "\"SideMenu/Preview Content\"";
				ENABLE_PREVIEWS = YES;
				INFOPLIST_FILE = SideMenu/Info.plist;
				IPHONEOS_DEPLOYMENT_TARGET = 14.0;
				LD_RUNPATH_SEARCH_PATHS = (
					"$(inherited)",
					"@executable_path/Frameworks",
				);
				PRODUCT_BUNDLE_IDENTIFIER = lon.SideMenu;
				PRODUCT_NAME = "$(TARGET_NAME)";
				SWIFT_VERSION = 5.0;
				TARGETED_DEVICE_FAMILY = "1,2";
			};
			name = Debug;
		};
		BB097888261B30A40094A05A /* Release */ = {
			isa = XCBuildConfiguration;
			buildSettings = {
				ASSETCATALOG_COMPILER_APPICON_NAME = AppIcon;
				ASSETCATALOG_COMPILER_GLOBAL_ACCENT_COLOR_NAME = AccentColor;
				CODE_SIGN_STYLE = Automatic;
				DEVELOPMENT_ASSET_PATHS = "\"SideMenu/Preview Content\"";
				ENABLE_PREVIEWS = YES;
				INFOPLIST_FILE = SideMenu/Info.plist;
				IPHONEOS_DEPLOYMENT_TARGET = 14.0;
				LD_RUNPATH_SEARCH_PATHS = (
					"$(inherited)",
					"@executable_path/Frameworks",
				);
				PRODUCT_BUNDLE_IDENTIFIER = lon.SideMenu;
				PRODUCT_NAME = "$(TARGET_NAME)";
				SWIFT_VERSION = 5.0;
				TARGETED_DEVICE_FAMILY = "1,2";
			};
			name = Release;
		};
		BB09788A261B30A40094A05A /* Debug */ = {
			isa = XCBuildConfiguration;
			buildSettings = {
				ALWAYS_EMBED_SWIFT_STANDARD_LIBRARIES = YES;
				BUNDLE_LOADER = "$(TEST_HOST)";
				CODE_SIGN_STYLE = Automatic;
				INFOPLIST_FILE = SideMenuTests/Info.plist;
				IPHONEOS_DEPLOYMENT_TARGET = 14.0;
				LD_RUNPATH_SEARCH_PATHS = (
					"$(inherited)",
					"@executable_path/Frameworks",
					"@loader_path/Frameworks",
				);
				PRODUCT_BUNDLE_IDENTIFIER = lon.SideMenuTests;
				PRODUCT_NAME = "$(TARGET_NAME)";
				SWIFT_VERSION = 5.0;
				TARGETED_DEVICE_FAMILY = "1,2";
				TEST_HOST = "$(BUILT_PRODUCTS_DIR)/SideMenu.app/SideMenu";
			};
			name = Debug;
		};
		BB09788B261B30A40094A05A /* Release */ = {
			isa = XCBuildConfiguration;
			buildSettings = {
				ALWAYS_EMBED_SWIFT_STANDARD_LIBRARIES = YES;
				BUNDLE_LOADER = "$(TEST_HOST)";
				CODE_SIGN_STYLE = Automatic;
				INFOPLIST_FILE = SideMenuTests/Info.plist;
				IPHONEOS_DEPLOYMENT_TARGET = 14.0;
				LD_RUNPATH_SEARCH_PATHS = (
					"$(inherited)",
					"@executable_path/Frameworks",
					"@loader_path/Frameworks",
				);
				PRODUCT_BUNDLE_IDENTIFIER = lon.SideMenuTests;
				PRODUCT_NAME = "$(TARGET_NAME)";
				SWIFT_VERSION = 5.0;
				TARGETED_DEVICE_FAMILY = "1,2";
				TEST_HOST = "$(BUILT_PRODUCTS_DIR)/SideMenu.app/SideMenu";
			};
			name = Release;
		};
		BB09788D261B30A40094A05A /* Debug */ = {
			isa = XCBuildConfiguration;
			buildSettings = {
				ALWAYS_EMBED_SWIFT_STANDARD_LIBRARIES = YES;
				CODE_SIGN_STYLE = Automatic;
				INFOPLIST_FILE = SideMenuUITests/Info.plist;
				LD_RUNPATH_SEARCH_PATHS = (
					"$(inherited)",
					"@executable_path/Frameworks",
					"@loader_path/Frameworks",
				);
				PRODUCT_BUNDLE_IDENTIFIER = lon.SideMenuUITests;
				PRODUCT_NAME = "$(TARGET_NAME)";
				SWIFT_VERSION = 5.0;
				TARGETED_DEVICE_FAMILY = "1,2";
				TEST_TARGET_NAME = SideMenu;
			};
			name = Debug;
		};
		BB09788E261B30A40094A05A /* Release */ = {
			isa = XCBuildConfiguration;
			buildSettings = {
				ALWAYS_EMBED_SWIFT_STANDARD_LIBRARIES = YES;
				CODE_SIGN_STYLE = Automatic;
				INFOPLIST_FILE = SideMenuUITests/Info.plist;
				LD_RUNPATH_SEARCH_PATHS = (
					"$(inherited)",
					"@executable_path/Frameworks",
					"@loader_path/Frameworks",
				);
				PRODUCT_BUNDLE_IDENTIFIER = lon.SideMenuUITests;
				PRODUCT_NAME = "$(TARGET_NAME)";
				SWIFT_VERSION = 5.0;
				TARGETED_DEVICE_FAMILY = "1,2";
				TEST_TARGET_NAME = SideMenu;
			};
			name = Release;
		};
/* End XCBuildConfiguration section */

/* Begin XCConfigurationList section */
		BB09785C261B30A30094A05A /* Build configuration list for PBXProject "SideMenu" */ = {
			isa = XCConfigurationList;
			buildConfigurations = (
				BB097884261B30A40094A05A /* Debug */,
				BB097885261B30A40094A05A /* Release */,
			);
			defaultConfigurationIsVisible = 0;
			defaultConfigurationName = Release;
		};
		BB097886261B30A40094A05A /* Build configuration list for PBXNativeTarget "SideMenu" */ = {
			isa = XCConfigurationList;
			buildConfigurations = (
				BB097887261B30A40094A05A /* Debug */,
				BB097888261B30A40094A05A /* Release */,
			);
			defaultConfigurationIsVisible = 0;
			defaultConfigurationName = Release;
		};
		BB097889261B30A40094A05A /* Build configuration list for PBXNativeTarget "SideMenuTests" */ = {
			isa = XCConfigurationList;
			buildConfigurations = (
				BB09788A261B30A40094A05A /* Debug */,
				BB09788B261B30A40094A05A /* Release */,
			);
			defaultConfigurationIsVisible = 0;
			defaultConfigurationName = Release;
		};
		BB09788C261B30A40094A05A /* Build configuration list for PBXNativeTarget "SideMenuUITests" */ = {
			isa = XCConfigurationList;
			buildConfigurations = (
				BB09788D261B30A40094A05A /* Debug */,
				BB09788E261B30A40094A05A /* Release */,
			);
			defaultConfigurationIsVisible = 0;
			defaultConfigurationName = Release;
		};
/* End XCConfigurationList section */
	};
	rootObject = BB097859261B30A30094A05A /* Project object */;
}
